
Microsoft Visual Studio Solution File, Format Version 12.00
# Visual Studio 14
VisualStudioVersion = 14.0.25420.1
MinimumVisualStudioVersion = 10.0.40219.1
Project("{2150E333-8FDC-42A3-9474-1A3956D46DE8}") = "Service", "Service", "{1AC6396D-B91F-4704-9540-BCE51A39487C}"
EndProject
Project("{2150E333-8FDC-42A3-9474-1A3956D46DE8}") = "UserInterfaces", "UserInterfaces", "{4106F69A-7A93-4899-A41C-DF685B84B4E2}"
EndProject
Project("{2150E333-8FDC-42A3-9474-1A3956D46DE8}") = "Domain", "Domain", "{81532469-A6A0-4739-8E30-8D2DBEE8F1E8}"
EndProject
Project("{2150E333-8FDC-42A3-9474-1A3956D46DE8}") = "Infrastructure", "Infrastructure", "{B69F00F1-8148-4EA8-862D-277D7D60D485}"
EndProject
Project("{2150E333-8FDC-42A3-9474-1A3956D46DE8}") = "ServiceEndPoints", "ServiceEndPoints", "{D325AA97-3358-4E49-BA3F-7D676E8C27AA}"
EndProject
Project("{2150E333-8FDC-42A3-9474-1A3956D46DE8}") = "Repository", "Repository", "{6B9EFBEE-924D-445A-9A1A-B367808EC829}"
EndProject
Project("{2150E333-8FDC-42A3-9474-1A3956D46DE8}") = "Implementations", "Implementations", "{54780ABD-12FC-4CC9-A58E-D41D6AA3B1CC}"
EndProject
Project("{FAE04EC0-301F-11D3-BF4B-00C04F79EFBC}") = "EF6", "Service\Infrastructure\Repository\Implementations\EF6\EF6.csproj", "{36C8C532-73E2-4C30-96CE-3149F475EDB6}"
EndProject
Project("{FAE04EC0-301F-11D3-BF4B-00C04F79EFBC}") = "REST_WebApi", "Service\ServiceEndPoints\REST_WebApi\REST_WebApi.csproj", "{C7E3B250-79C8-44C2-8DEC-F2E868B2C0EC}"
EndProject
Project("{FAE04EC0-301F-11D3-BF4B-00C04F79EFBC}") = "ServiceModel", "Service\ServiceModel\ServiceModel.csproj", "{B64CA470-2F01-4650-8926-A800FBF2B7AE}"
EndProject
Project("{FAE04EC0-301F-11D3-BF4B-00C04F79EFBC}") = "ASPNET_MVC5", "UserInterfaces\ASPNET_MVC5\ASPNET_MVC5.csproj", "{69011C46-843C-4230-80D0-1BBAB37455FF}"
EndProject
Project("{FAE04EC0-301F-11D3-BF4B-00C04F79EFBC}") = "Tests", "UserInterfaces\Tests\Tests.csproj", "{A2C07EC8-A66F-41FE-936F-31AD08128385}"
EndProject
Project("{FAE04EC0-301F-11D3-BF4B-00C04F79EFBC}") = "DomainModel", "Service\Domain\DomainModel\DomainModel.csproj", "{547C2C69-8A18-4402-9EFA-FBDB1346D480}"
EndProject
Project("{FAE04EC0-301F-11D3-BF4B-00C04F79EFBC}") = "RepositoryModel", "RepositoryModel\RepositoryModel.csproj", "{1719530C-98A0-4AAD-8618-AFDBAC350379}"
EndProject
Global
	GlobalSection(SolutionConfigurationPlatforms) = preSolution
		Debug|Any CPU = Debug|Any CPU
		Release|Any CPU = Release|Any CPU
	EndGlobalSection
	GlobalSection(ProjectConfigurationPlatforms) = postSolution
		{36C8C532-73E2-4C30-96CE-3149F475EDB6}.Debug|Any CPU.ActiveCfg = Debug|Any CPU
		{36C8C532-73E2-4C30-96CE-3149F475EDB6}.Debug|Any CPU.Build.0 = Debug|Any CPU
		{36C8C532-73E2-4C30-96CE-3149F475EDB6}.Release|Any CPU.ActiveCfg = Release|Any CPU
		{36C8C532-73E2-4C30-96CE-3149F475EDB6}.Release|Any CPU.Build.0 = Release|Any CPU
		{C7E3B250-79C8-44C2-8DEC-F2E868B2C0EC}.Debug|Any CPU.ActiveCfg = Debug|Any CPU
		{C7E3B250-79C8-44C2-8DEC-F2E868B2C0EC}.Debug|Any CPU.Build.0 = Debug|Any CPU
		{C7E3B250-79C8-44C2-8DEC-F2E868B2C0EC}.Release|Any CPU.ActiveCfg = Release|Any CPU
		{C7E3B250-79C8-44C2-8DEC-F2E868B2C0EC}.Release|Any CPU.Build.0 = Release|Any CPU
		{B64CA470-2F01-4650-8926-A800FBF2B7AE}.Debug|Any CPU.ActiveCfg = Debug|Any CPU
		{B64CA470-2F01-4650-8926-A800FBF2B7AE}.Debug|Any CPU.Build.0 = Debug|Any CPU
		{B64CA470-2F01-4650-8926-A800FBF2B7AE}.Release|Any CPU.ActiveCfg = Release|Any CPU
		{B64CA470-2F01-4650-8926-A800FBF2B7AE}.Release|Any CPU.Build.0 = Release|Any CPU
		{69011C46-843C-4230-80D0-1BBAB37455FF}.Debug|Any CPU.ActiveCfg = Debug|Any CPU
		{69011C46-843C-4230-80D0-1BBAB37455FF}.Debug|Any CPU.Build.0 = Debug|Any CPU
		{69011C46-843C-4230-80D0-1BBAB37455FF}.Release|Any CPU.ActiveCfg = Release|Any CPU
		{69011C46-843C-4230-80D0-1BBAB37455FF}.Release|Any CPU.Build.0 = Release|Any CPU
		{A2C07EC8-A66F-41FE-936F-31AD08128385}.Debug|Any CPU.ActiveCfg = Debug|Any CPU
		{A2C07EC8-A66F-41FE-936F-31AD08128385}.Debug|Any CPU.Build.0 = Debug|Any CPU
		{A2C07EC8-A66F-41FE-936F-31AD08128385}.Release|Any CPU.ActiveCfg = Release|Any CPU
		{A2C07EC8-A66F-41FE-936F-31AD08128385}.Release|Any CPU.Build.0 = Release|Any CPU
		{547C2C69-8A18-4402-9EFA-FBDB1346D480}.Debug|Any CPU.ActiveCfg = Debug|Any CPU
		{547C2C69-8A18-4402-9EFA-FBDB1346D480}.Debug|Any CPU.Build.0 = Debug|Any CPU
		{547C2C69-8A18-4402-9EFA-FBDB1346D480}.Release|Any CPU.ActiveCfg = Release|Any CPU
		{547C2C69-8A18-4402-9EFA-FBDB1346D480}.Release|Any CPU.Build.0 = Release|Any CPU
		{1719530C-98A0-4AAD-8618-AFDBAC350379}.Debug|Any CPU.ActiveCfg = Debug|Any CPU
		{1719530C-98A0-4AAD-8618-AFDBAC350379}.Debug|Any CPU.Build.0 = Debug|Any CPU
		{1719530C-98A0-4AAD-8618-AFDBAC350379}.Release|Any CPU.ActiveCfg = Release|Any CPU
		{1719530C-98A0-4AAD-8618-AFDBAC350379}.Release|Any CPU.Build.0 = Release|Any CPU
	EndGlobalSection
	GlobalSection(SolutionProperties) = preSolution
		HideSolutionNode = FALSE
	EndGlobalSection
	GlobalSection(NestedProjects) = preSolution
		{81532469-A6A0-4739-8E30-8D2DBEE8F1E8} = {1AC6396D-B91F-4704-9540-BCE51A39487C}
		{B69F00F1-8148-4EA8-862D-277D7D60D485} = {1AC6396D-B91F-4704-9540-BCE51A39487C}
		{D325AA97-3358-4E49-BA3F-7D676E8C27AA} = {1AC6396D-B91F-4704-9540-BCE51A39487C}
		{6B9EFBEE-924D-445A-9A1A-B367808EC829} = {B69F00F1-8148-4EA8-862D-277D7D60D485}
		{54780ABD-12FC-4CC9-A58E-D41D6AA3B1CC} = {6B9EFBEE-924D-445A-9A1A-B367808EC829}
		{36C8C532-73E2-4C30-96CE-3149F475EDB6} = {54780ABD-12FC-4CC9-A58E-D41D6AA3B1CC}
		{C7E3B250-79C8-44C2-8DEC-F2E868B2C0EC} = {D325AA97-3358-4E49-BA3F-7D676E8C27AA}
		{B64CA470-2F01-4650-8926-A800FBF2B7AE} = {1AC6396D-B91F-4704-9540-BCE51A39487C}
		{69011C46-843C-4230-80D0-1BBAB37455FF} = {4106F69A-7A93-4899-A41C-DF685B84B4E2}
		{A2C07EC8-A66F-41FE-936F-31AD08128385} = {4106F69A-7A93-4899-A41C-DF685B84B4E2}
		{547C2C69-8A18-4402-9EFA-FBDB1346D480} = {81532469-A6A0-4739-8E30-8D2DBEE8F1E8}
		{1719530C-98A0-4AAD-8618-AFDBAC350379} = {6B9EFBEE-924D-445A-9A1A-B367808EC829}
	EndGlobalSection
	GlobalSection(ExtensibilityGlobals) = postSolution
		SolutionGuid = {DC262646-238A-4178-A694-EB4651E4601E}
	EndGlobalSection
EndGlobal
